// !$*UTF8*$!
{
	archiveVersion = 1;
	classes = {
	};
	objectVersion = 56;
	objects = {

/* Begin PBXBuildFile section */
		68AC75C1299253C100F3B9DA /* AppDelegate.swift in Sources */ = {isa = PBXBuildFile; fileRef = 68AC75C0299253C100F3B9DA /* AppDelegate.swift */; };
		68AC75C3299253C100F3B9DA /* SceneDelegate.swift in Sources */ = {isa = PBXBuildFile; fileRef = 68AC75C2299253C100F3B9DA /* SceneDelegate.swift */; };
		68AC75C5299253C100F3B9DA /* ViewController.swift in Sources */ = {isa = PBXBuildFile; fileRef = 68AC75C4299253C100F3B9DA /* ViewController.swift */; };
		68AC75C8299253C100F3B9DA /* Main.storyboard in Resources */ = {isa = PBXBuildFile; fileRef = 68AC75C6299253C100F3B9DA /* Main.storyboard */; };
		68AC75CB299253C100F3B9DA /* SelfCheckout.xcdatamodeld in Sources */ = {isa = PBXBuildFile; fileRef = 68AC75C9299253C100F3B9DA /* SelfCheckout.xcdatamodeld */; };
		68AC75CD299253C300F3B9DA /* Assets.xcassets in Resources */ = {isa = PBXBuildFile; fileRef = 68AC75CC299253C300F3B9DA /* Assets.xcassets */; };
		68AC75D0299253C300F3B9DA /* LaunchScreen.storyboard in Resources */ = {isa = PBXBuildFile; fileRef = 68AC75CE299253C300F3B9DA /* LaunchScreen.storyboard */; };
		68AC75D92992930200F3B9DA /* File.swift in Sources */ = {isa = PBXBuildFile; fileRef = 68AC75D82992930200F3B9DA /* File.swift */; };
		68AC75E12992967C00F3B9DA /* ProductCategoryCollectionViewCell.swift in Sources */ = {isa = PBXBuildFile; fileRef = 68AC75E02992967C00F3B9DA /* ProductCategoryCollectionViewCell.swift */; };
		68AC75E32994050C00F3B9DA /* TopOfferCollectionViewCell.swift in Sources */ = {isa = PBXBuildFile; fileRef = 68AC75E22994050C00F3B9DA /* TopOfferCollectionViewCell.swift */; };
/* End PBXBuildFile section */

/* Begin PBXFileReference section */
		68AC75BD299253C100F3B9DA /* SelfCheckout.app */ = {isa = PBXFileReference; explicitFileType = wrapper.application; includeInIndex = 0; path = SelfCheckout.app; sourceTree = BUILT_PRODUCTS_DIR; };
		68AC75C0299253C100F3B9DA /* AppDelegate.swift */ = {isa = PBXFileReference; lastKnownFileType = sourcecode.swift; path = AppDelegate.swift; sourceTree = "<group>"; };
		68AC75C2299253C100F3B9DA /* SceneDelegate.swift */ = {isa = PBXFileReference; lastKnownFileType = sourcecode.swift; path = SceneDelegate.swift; sourceTree = "<group>"; };
		68AC75C4299253C100F3B9DA /* ViewController.swift */ = {isa = PBXFileReference; lastKnownFileType = sourcecode.swift; path = ViewController.swift; sourceTree = "<group>"; };
		68AC75C7299253C100F3B9DA /* Base */ = {isa = PBXFileReference; lastKnownFileType = file.storyboard; name = Base; path = Base.lproj/Main.storyboard; sourceTree = "<group>"; };
		68AC75CA299253C100F3B9DA /* SelfCheckout.xcdatamodel */ = {isa = PBXFileReference; lastKnownFileType = wrapper.xcdatamodel; path = SelfCheckout.xcdatamodel; sourceTree = "<group>"; };
		68AC75CC299253C300F3B9DA /* Assets.xcassets */ = {isa = PBXFileReference; lastKnownFileType = folder.assetcatalog; path = Assets.xcassets; sourceTree = "<group>"; };
		68AC75CF299253C300F3B9DA /* Base */ = {isa = PBXFileReference; lastKnownFileType = file.storyboard; name = Base; path = Base.lproj/LaunchScreen.storyboard; sourceTree = "<group>"; };
		68AC75D1299253C300F3B9DA /* Info.plist */ = {isa = PBXFileReference; lastKnownFileType = text.plist.xml; path = Info.plist; sourceTree = "<group>"; };
		68AC75D82992930200F3B9DA /* File.swift */ = {isa = PBXFileReference; lastKnownFileType = sourcecode.swift; path = File.swift; sourceTree = "<group>"; };
		68AC75E02992967C00F3B9DA /* ProductCategoryCollectionViewCell.swift */ = {isa = PBXFileReference; lastKnownFileType = sourcecode.swift; path = ProductCategoryCollectionViewCell.swift; sourceTree = "<group>"; };
		68AC75E22994050C00F3B9DA /* TopOfferCollectionViewCell.swift */ = {isa = PBXFileReference; lastKnownFileType = sourcecode.swift; path = TopOfferCollectionViewCell.swift; sourceTree = "<group>"; };
/* End PBXFileReference section */

/* Begin PBXFrameworksBuildPhase section */
		68AC75BA299253C100F3B9DA /* Frameworks */ = {
			isa = PBXFrameworksBuildPhase;
			buildActionMask = 2147483647;
			files = (
			);
			runOnlyForDeploymentPostprocessing = 0;
		};
/* End PBXFrameworksBuildPhase section */

/* Begin PBXGroup section */
		68AC75B4299253C100F3B9DA = {
			isa = PBXGroup;
			children = (
				68AC75BF299253C100F3B9DA /* SelfCheckout */,
				68AC75BE299253C100F3B9DA /* Products */,
			);
			sourceTree = "<group>";
		};
		68AC75BE299253C100F3B9DA /* Products */ = {
			isa = PBXGroup;
			children = (
				68AC75BD299253C100F3B9DA /* SelfCheckout.app */,
			);
			name = Products;
			sourceTree = "<group>";
		};
		68AC75BF299253C100F3B9DA /* SelfCheckout */ = {
			isa = PBXGroup;
			children = (
				68AC75DA299294B400F3B9DA /* CollectionView */,
				68AC75D7299292F200F3B9DA /* Helper */,
				68AC75C0299253C100F3B9DA /* AppDelegate.swift */,
				68AC75C2299253C100F3B9DA /* SceneDelegate.swift */,
				68AC75C4299253C100F3B9DA /* ViewController.swift */,
				68AC75C6299253C100F3B9DA /* Main.storyboard */,
				68AC75CC299253C300F3B9DA /* Assets.xcassets */,
				68AC75CE299253C300F3B9DA /* LaunchScreen.storyboard */,
				68AC75D1299253C300F3B9DA /* Info.plist */,
				68AC75C9299253C100F3B9DA /* SelfCheckout.xcdatamodeld */,
			);
			path = SelfCheckout;
			sourceTree = "<group>";
		};
		68AC75D7299292F200F3B9DA /* Helper */ = {
			isa = PBXGroup;
			children = (
				68AC75D82992930200F3B9DA /* File.swift */,
			);
			path = Helper;
			sourceTree = "<group>";
		};
		68AC75DA299294B400F3B9DA /* CollectionView */ = {
			isa = PBXGroup;
			children = (
				68AC75DB299294BF00F3B9DA /* Cells */,
			);
			path = CollectionView;
			sourceTree = "<group>";
		};
		68AC75DB299294BF00F3B9DA /* Cells */ = {
			isa = PBXGroup;
			children = (
				68AC75E02992967C00F3B9DA /* ProductCategoryCollectionViewCell.swift */,
				68AC75E22994050C00F3B9DA /* TopOfferCollectionViewCell.swift */,
			);
			path = Cells;
			sourceTree = "<group>";
		};
/* End PBXGroup section */

/* Begin PBXNativeTarget section */
		68AC75BC299253C100F3B9DA /* SelfCheckout */ = {
			isa = PBXNativeTarget;
			buildConfigurationList = 68AC75D4299253C300F3B9DA /* Build configuration list for PBXNativeTarget "SelfCheckout" */;
			buildPhases = (
				68AC75B9299253C100F3B9DA /* Sources */,
				68AC75BA299253C100F3B9DA /* Frameworks */,
				68AC75BB299253C100F3B9DA /* Resources */,
			);
			buildRules = (
			);
			dependencies = (
			);
			name = SelfCheckout;
			productName = SelfCheckout;
			productReference = 68AC75BD299253C100F3B9DA /* SelfCheckout.app */;
			productType = "com.apple.product-type.application";
		};
/* End PBXNativeTarget section */

/* Begin PBXProject section */
		68AC75B5299253C100F3B9DA /* Project object */ = {
			isa = PBXProject;
			attributes = {
				BuildIndependentTargetsInParallel = 1;
				LastSwiftUpdateCheck = 1410;
				LastUpgradeCheck = 1410;
				TargetAttributes = {
					68AC75BC299253C100F3B9DA = {
						CreatedOnToolsVersion = 14.1;
					};
				};
			};
			buildConfigurationList = 68AC75B8299253C100F3B9DA /* Build configuration list for PBXProject "SelfCheckout" */;
			compatibilityVersion = "Xcode 14.0";
			developmentRegion = en;
			hasScannedForEncodings = 0;
			knownRegions = (
				en,
				Base,
			);
			mainGroup = 68AC75B4299253C100F3B9DA;
			productRefGroup = 68AC75BE299253C100F3B9DA /* Products */;
			projectDirPath = "";
			projectRoot = "";
			targets = (
				68AC75BC299253C100F3B9DA /* SelfCheckout */,
			);
		};
/* End PBXProject section */

/* Begin PBXResourcesBuildPhase section */
		68AC75BB299253C100F3B9DA /* Resources */ = {
			isa = PBXResourcesBuildPhase;
			buildActionMask = 2147483647;
			files = (
				68AC75D0299253C300F3B9DA /* LaunchScreen.storyboard in Resources */,
				68AC75CD299253C300F3B9DA /* Assets.xcassets in Resources */,
				68AC75C8299253C100F3B9DA /* Main.storyboard in Resources */,
			);
			runOnlyForDeploymentPostprocessing = 0;
		};
/* End PBXResourcesBuildPhase section */

/* Begin PBXSourcesBuildPhase section */
		68AC75B9299253C100F3B9DA /* Sources */ = {
			isa = PBXSourcesBuildPhase;
			buildActionMask = 2147483647;
			files = (
				68AC75D92992930200F3B9DA /* File.swift in Sources */,
				68AC75C5299253C100F3B9DA /* ViewController.swift in Sources */,
				68AC75E12992967C00F3B9DA /* ProductCategoryCollectionViewCell.swift in Sources */,
				68AC75E32994050C00F3B9DA /* TopOfferCollectionViewCell.swift in Sources */,
				68AC75CB299253C100F3B9DA /* SelfCheckout.xcdatamodeld in Sources */,
				68AC75C1299253C100F3B9DA /* AppDelegate.swift in Sources */,
				68AC75C3299253C100F3B9DA /* SceneDelegate.swift in Sources */,
			);
			runOnlyForDeploymentPostprocessing = 0;
		};
/* End PBXSourcesBuildPhase section */

/* Begin PBXVariantGroup section */
		68AC75C6299253C100F3B9DA /* Main.storyboard */ = {
			isa = PBXVariantGroup;
			children = (
				68AC75C7299253C100F3B9DA /* Base */,
			);
			name = Main.storyboard;
			sourceTree = "<group>";
		};
		68AC75CE299253C300F3B9DA /* LaunchScreen.storyboard */ = {
			isa = PBXVariantGroup;
			children = (
				68AC75CF299253C300F3B9DA /* Base */,
			);
			name = LaunchScreen.storyboard;
			sourceTree = "<group>";
		};
/* End PBXVariantGroup section */

/* Begin XCBuildConfiguration section */
		68AC75D2299253C300F3B9DA /* Debug */ = {
			isa = XCBuildConfiguration;
			buildSettings = {
				ALWAYS_SEARCH_USER_PATHS = NO;
				CLANG_ANALYZER_NONNULL = YES;
				CLANG_ANALYZER_NUMBER_OBJECT_CONVERSION = YES_AGGRESSIVE;
				CLANG_CXX_LANGUAGE_STANDARD = "gnu++20";
				CLANG_ENABLE_MODULES = YES;
				CLANG_ENABLE_OBJC_ARC = YES;
				CLANG_ENABLE_OBJC_WEAK = YES;
				CLANG_WARN_BLOCK_CAPTURE_AUTORELEASING = YES;
				CLANG_WARN_BOOL_CONVERSION = YES;
				CLANG_WARN_COMMA = YES;
				CLANG_WARN_CONSTANT_CONVERSION = YES;
				CLANG_WARN_DEPRECATED_OBJC_IMPLEMENTATIONS = YES;
				CLANG_WARN_DIRECT_OBJC_ISA_USAGE = YES_ERROR;
				CLANG_WARN_DOCUMENTATION_COMMENTS = YES;
				CLANG_WARN_EMPTY_BODY = YES;
				CLANG_WARN_ENUM_CONVERSION = YES;
				CLANG_WARN_INFINITE_RECURSION = YES;
				CLANG_WARN_INT_CONVERSION = YES;
				CLANG_WARN_NON_LITERAL_NULL_CONVERSION = YES;
				CLANG_WARN_OBJC_IMPLICIT_RETAIN_SELF = YES;
				CLANG_WARN_OBJC_LITERAL_CONVERSION = YES;
				CLANG_WARN_OBJC_ROOT_CLASS = YES_ERROR;
				CLANG_WARN_QUOTED_INCLUDE_IN_FRAMEWORK_HEADER = YES;
				CLANG_WARN_RANGE_LOOP_ANALYSIS = YES;
				CLANG_WARN_STRICT_PROTOTYPES = YES;
				CLANG_WARN_SUSPICIOUS_MOVE = YES;
				CLANG_WARN_UNGUARDED_AVAILABILITY = YES_AGGRESSIVE;
				CLANG_WARN_UNREACHABLE_CODE = YES;
				CLANG_WARN__DUPLICATE_METHOD_MATCH = YES;
				COPY_PHASE_STRIP = NO;
				DEBUG_INFORMATION_FORMAT = dwarf;
				ENABLE_STRICT_OBJC_MSGSEND = YES;
				ENABLE_TESTABILITY = YES;
				GCC_C_LANGUAGE_STANDARD = gnu11;
				GCC_DYNAMIC_NO_PIC = NO;
				GCC_NO_COMMON_BLOCKS = YES;
				GCC_OPTIMIZATION_LEVEL = 0;
				GCC_PREPROCESSOR_DEFINITIONS = (
					"DEBUG=1",
					"$(inherited)",
				);
				GCC_WARN_64_TO_32_BIT_CONVERSION = YES;
				GCC_WARN_ABOUT_RETURN_TYPE = YES_ERROR;
				GCC_WARN_UNDECLARED_SELECTOR = YES;
				GCC_WARN_UNINITIALIZED_AUTOS = YES_AGGRESSIVE;
				GCC_WARN_UNUSED_FUNCTION = YES;
				GCC_WARN_UNUSED_VARIABLE = YES;
				IPHONEOS_DEPLOYMENT_TARGET = 16.1;
				MTL_ENABLE_DEBUG_INFO = INCLUDE_SOURCE;
				MTL_FAST_MATH = YES;
				ONLY_ACTIVE_ARCH = YES;
				SDKROOT = iphoneos;
				SWIFT_ACTIVE_COMPILATION_CONDITIONS = DEBUG;
				SWIFT_OPTIMIZATION_LEVEL = "-Onone";
			};
			name = Debug;
		};
		68AC75D3299253C300F3B9DA /* Release */ = {
			isa = XCBuildConfiguration;
			buildSettings = {
				ALWAYS_SEARCH_USER_PATHS = NO;
				CLANG_ANALYZER_NONNULL = YES;
				CLANG_ANALYZER_NUMBER_OBJECT_CONVERSION = YES_AGGRESSIVE;
				CLANG_CXX_LANGUAGE_STANDARD = "gnu++20";
				CLANG_ENABLE_MODULES = YES;
				CLANG_ENABLE_OBJC_ARC = YES;
				CLANG_ENABLE_OBJC_WEAK = YES;
				CLANG_WARN_BLOCK_CAPTURE_AUTORELEASING = YES;
				CLANG_WARN_BOOL_CONVERSION = YES;
				CLANG_WARN_COMMA = YES;
				CLANG_WARN_CONSTANT_CONVERSION = YES;
				CLANG_WARN_DEPRECATED_OBJC_IMPLEMENTATIONS = YES;
				CLANG_WARN_DIRECT_OBJC_ISA_USAGE = YES_ERROR;
				CLANG_WARN_DOCUMENTATION_COMMENTS = YES;
				CLANG_WARN_EMPTY_BODY = YES;
				CLANG_WARN_ENUM_CONVERSION = YES;
				CLANG_WARN_INFINITE_RECURSION = YES;
				CLANG_WARN_INT_CONVERSION = YES;
				CLANG_WARN_NON_LITERAL_NULL_CONVERSION = YES;
				CLANG_WARN_OBJC_IMPLICIT_RETAIN_SELF = YES;
				CLANG_WARN_OBJC_LITERAL_CONVERSION = YES;
				CLANG_WARN_OBJC_ROOT_CLASS = YES_ERROR;
				CLANG_WARN_QUOTED_INCLUDE_IN_FRAMEWORK_HEADER = YES;
				CLANG_WARN_RANGE_LOOP_ANALYSIS = YES;
				CLANG_WARN_STRICT_PROTOTYPES = YES;
				CLANG_WARN_SUSPICIOUS_MOVE = YES;
				CLANG_WARN_UNGUARDED_AVAILABILITY = YES_AGGRESSIVE;
				CLANG_WARN_UNREACHABLE_CODE = YES;
				CLANG_WARN__DUPLICATE_METHOD_MATCH = YES;
				COPY_PHASE_STRIP = NO;
				DEBUG_INFORMATION_FORMAT = "dwarf-with-dsym";
				ENABLE_NS_ASSERTIONS = NO;
				ENABLE_STRICT_OBJC_MSGSEND = YES;
				GCC_C_LANGUAGE_STANDARD = gnu11;
				GCC_NO_COMMON_BLOCKS = YES;
				GCC_WARN_64_TO_32_BIT_CONVERSION = YES;
				GCC_WARN_ABOUT_RETURN_TYPE = YES_ERROR;
				GCC_WARN_UNDECLARED_SELECTOR = YES;
				GCC_WARN_UNINITIALIZED_AUTOS = YES_AGGRESSIVE;
				GCC_WARN_UNUSED_FUNCTION = YES;
				GCC_WARN_UNUSED_VARIABLE = YES;
				IPHONEOS_DEPLOYMENT_TARGET = 16.1;
				MTL_ENABLE_DEBUG_INFO = NO;
				MTL_FAST_MATH = YES;
				SDKROOT = iphoneos;
				SWIFT_COMPILATION_MODE = wholemodule;
				SWIFT_OPTIMIZATION_LEVEL = "-O";
				VALIDATE_PRODUCT = YES;
			};
			name = Release;
		};
		68AC75D5299253C300F3B9DA /* Debug */ = {
			isa = XCBuildConfiguration;
			buildSettings = {
				ASSETCATALOG_COMPILER_APPICON_NAME = AppIcon;
				ASSETCATALOG_COMPILER_GLOBAL_ACCENT_COLOR_NAME = AccentColor;
				CODE_SIGN_STYLE = Automatic;
				CURRENT_PROJECT_VERSION = 1;
				DEVELOPMENT_TEAM = J8G8DUU33R;
				GENERATE_INFOPLIST_FILE = YES;
				INFOPLIST_FILE = SelfCheckout/Info.plist;
				INFOPLIST_KEY_UIApplicationSupportsIndirectInputEvents = YES;
				INFOPLIST_KEY_UILaunchStoryboardName = LaunchScreen;
				INFOPLIST_KEY_UIMainStoryboardFile = Main;
				INFOPLIST_KEY_UISupportedInterfaceOrientations_iPad = "UIInterfaceOrientationPortrait UIInterfaceOrientationPortraitUpsideDown UIInterfaceOrientationLandscapeLeft UIInterfaceOrientationLandscapeRight";
				INFOPLIST_KEY_UISupportedInterfaceOrientations_iPhone = "UIInterfaceOrientationPortrait UIInterfaceOrientationLandscapeLeft UIInterfaceOrientationLandscapeRight";
				IPHONEOS_DEPLOYMENT_TARGET = 16.0;
				LD_RUNPATH_SEARCH_PATHS = (
					"$(inherited)",
					"@executable_path/Frameworks",
				);
				MARKETING_VERSION = 1.0;
				PRODUCT_BUNDLE_IDENTIFIER = obs.SelfCheckout;
				PRODUCT_NAME = "$(TARGET_NAME)";
				SWIFT_EMIT_LOC_STRINGS = YES;
				SWIFT_VERSION = 5.0;
				TARGETED_DEVICE_FAMILY = "1,2";
			};
			name = Debug;
		};
		68AC75D6299253C300F3B9DA /* Release */ = {
			isa = XCBuildConfiguration;
			buildSettings = {
				ASSETCATALOG_COMPILER_APPICON_NAME = AppIcon;
				ASSETCATALOG_COMPILER_GLOBAL_ACCENT_COLOR_NAME = AccentColor;
				CODE_SIGN_STYLE = Automatic;
				CURRENT_PROJECT_VERSION = 1;
				DEVELOPMENT_TEAM = J8G8DUU33R;
				GENERATE_INFOPLIST_FILE = YES;
				INFOPLIST_FILE = SelfCheckout/Info.plist;
				INFOPLIST_KEY_UIApplicationSupportsIndirectInputEvents = YES;
				INFOPLIST_KEY_UILaunchStoryboardName = LaunchScreen;
				INFOPLIST_KEY_UIMainStoryboardFile = Main;
				INFOPLIST_KEY_UISupportedInterfaceOrientations_iPad = "UIInterfaceOrientationPortrait UIInterfaceOrientationPortraitUpsideDown UIInterfaceOrientationLandscapeLeft UIInterfaceOrientationLandscapeRight";
				INFOPLIST_KEY_UISupportedInterfaceOrientations_iPhone = "UIInterfaceOrientationPortrait UIInterfaceOrientationLandscapeLeft UIInterfaceOrientationLandscapeRight";
				IPHONEOS_DEPLOYMENT_TARGET = 16.0;
				LD_RUNPATH_SEARCH_PATHS = (
					"$(inherited)",
					"@executable_path/Frameworks",
				);
				MARKETING_VERSION = 1.0;
				PRODUCT_BUNDLE_IDENTIFIER = obs.SelfCheckout;
				PRODUCT_NAME = "$(TARGET_NAME)";
				SWIFT_EMIT_LOC_STRINGS = YES;
				SWIFT_VERSION = 5.0;
				TARGETED_DEVICE_FAMILY = "1,2";
			};
			name = Release;
		};
/* End XCBuildConfiguration section */

/* Begin XCConfigurationList section */
		68AC75B8299253C100F3B9DA /* Build configuration list for PBXProject "SelfCheckout" */ = {
			isa = XCConfigurationList;
			buildConfigurations = (
				68AC75D2299253C300F3B9DA /* Debug */,
				68AC75D3299253C300F3B9DA /* Release */,
			);
			defaultConfigurationIsVisible = 0;
			defaultConfigurationName = Release;
		};
		68AC75D4299253C300F3B9DA /* Build configuration list for PBXNativeTarget "SelfCheckout" */ = {
			isa = XCConfigurationList;
			buildConfigurations = (
				68AC75D5299253C300F3B9DA /* Debug */,
				68AC75D6299253C300F3B9DA /* Release */,
			);
			defaultConfigurationIsVisible = 0;
			defaultConfigurationName = Release;
		};
/* End XCConfigurationList section */

/* Begin XCVersionGroup section */
		68AC75C9299253C100F3B9DA /* SelfCheckout.xcdatamodeld */ = {
			isa = XCVersionGroup;
			children = (
				68AC75CA299253C100F3B9DA /* SelfCheckout.xcdatamodel */,
			);
			currentVersion = 68AC75CA299253C100F3B9DA /* SelfCheckout.xcdatamodel */;
			path = SelfCheckout.xcdatamodeld;
			sourceTree = "<group>";
			versionGroupType = wrapper.xcdatamodel;
		};
/* End XCVersionGroup section */
	};
	rootObject = 68AC75B5299253C100F3B9DA /* Project object */;
}
